
Microsoft Visual Studio Solution File, Format Version 12.00
# Visual Studio 15
VisualStudioVersion = 15.0.26124.0
MinimumVisualStudioVersion = 15.0.26124.0
Project("{FAE04EC0-301F-11D3-BF4B-00C04F79EFBC}") = "PangLib.IFF", "PangLib.IFF\PangLib.IFF.csproj", "{B07C0663-43C6-495F-9408-5AB3941D9DA6}"
EndProject
Project("{FAE04EC0-301F-11D3-BF4B-00C04F79EFBC}") = "PangLib.DAT", "PangLib.DAT\PangLib.DAT.csproj", "{6427E6FA-CC66-4B70-B5CF-95F924BA3EF1}"
EndProject
Project("{FAE04EC0-301F-11D3-BF4B-00C04F79EFBC}") = "PangLib.Utilities", "PangLib.Utilities\PangLib.Utilities.csproj", "{644DEED6-77B0-4E90-A009-F705C64C022D}"
EndProject
Project("{FAE04EC0-301F-11D3-BF4B-00C04F79EFBC}") = "PangLib.PAK", "PangLib.PAK\PangLib.PAK.csproj", "{071419AB-D2DF-4944-891A-2A1348446D39}"
EndProject
Project("{FAE04EC0-301F-11D3-BF4B-00C04F79EFBC}") = "PangLib.UpdateList", "PangLib.UpdateList\PangLib.UpdateList.csproj", "{0DB063F3-D5E3-4D63-9EEC-AE8F9A83B2D8}"
EndProject
Project("{FAE04EC0-301F-11D3-BF4B-00C04F79EFBC}") = "PangLib.PET", "PangLib.PET\PangLib.PET.csproj", "{0AE680EB-980B-4213-B41C-2EC77CB51C26}"
EndProject
Project("{FAE04EC0-301F-11D3-BF4B-00C04F79EFBC}") = "PangLib.UCC", "PangLib.UCC\PangLib.UCC.csproj", "{36DFC886-C311-4CCC-A9A3-8B6C53A66A56}"
EndProject
Project("{FAE04EC0-301F-11D3-BF4B-00C04F79EFBC}") = "PangLib.Scripting", "PangLib.Scripting\PangLib.Scripting.csproj", "{DCBBA92A-CA8F-4E22-B0D7-9BE491520F53}"
EndProject
Project("{FAE04EC0-301F-11D3-BF4B-00C04F79EFBC}") = "PangLib.WEP", "PangLib.WEP\PangLib.WEP.csproj", "{DFBBDFAD-B3B9-41CC-B375-02637447A6CF}"
EndProject
Project("{FAE04EC0-301F-11D3-BF4B-00C04F79EFBC}") = "PangLib.SBIN", "PangLib.SBIN\PangLib.SBIN.csproj", "{DFA4D4DA-A62C-4B7F-B363-8B7927049673}"
EndProject
Global
	GlobalSection(SolutionProperties) = preSolution
		HideSolutionNode = FALSE
	EndGlobalSection
	GlobalSection(SolutionConfigurationPlatforms) = preSolution
		Debug|Any CPU = Debug|Any CPU
		Debug|x64 = Debug|x64
		Debug|x86 = Debug|x86
		Release|Any CPU = Release|Any CPU
		Release|x64 = Release|x64
		Release|x86 = Release|x86
	EndGlobalSection
	GlobalSection(ProjectConfigurationPlatforms) = postSolution
		{B07C0663-43C6-495F-9408-5AB3941D9DA6}.Debug|Any CPU.ActiveCfg = Debug|Any CPU
		{B07C0663-43C6-495F-9408-5AB3941D9DA6}.Debug|Any CPU.Build.0 = Debug|Any CPU
		{B07C0663-43C6-495F-9408-5AB3941D9DA6}.Debug|x64.ActiveCfg = Debug|Any CPU
		{B07C0663-43C6-495F-9408-5AB3941D9DA6}.Debug|x64.Build.0 = Debug|Any CPU
		{B07C0663-43C6-495F-9408-5AB3941D9DA6}.Debug|x86.ActiveCfg = Debug|Any CPU
		{B07C0663-43C6-495F-9408-5AB3941D9DA6}.Debug|x86.Build.0 = Debug|Any CPU
		{B07C0663-43C6-495F-9408-5AB3941D9DA6}.Release|Any CPU.ActiveCfg = Release|Any CPU
		{B07C0663-43C6-495F-9408-5AB3941D9DA6}.Release|Any CPU.Build.0 = Release|Any CPU
		{B07C0663-43C6-495F-9408-5AB3941D9DA6}.Release|x64.ActiveCfg = Release|Any CPU
		{B07C0663-43C6-495F-9408-5AB3941D9DA6}.Release|x64.Build.0 = Release|Any CPU
		{B07C0663-43C6-495F-9408-5AB3941D9DA6}.Release|x86.ActiveCfg = Release|Any CPU
		{B07C0663-43C6-495F-9408-5AB3941D9DA6}.Release|x86.Build.0 = Release|Any CPU
		{6427E6FA-CC66-4B70-B5CF-95F924BA3EF1}.Debug|Any CPU.ActiveCfg = Debug|Any CPU
		{6427E6FA-CC66-4B70-B5CF-95F924BA3EF1}.Debug|Any CPU.Build.0 = Debug|Any CPU
		{6427E6FA-CC66-4B70-B5CF-95F924BA3EF1}.Debug|x64.ActiveCfg = Debug|Any CPU
		{6427E6FA-CC66-4B70-B5CF-95F924BA3EF1}.Debug|x64.Build.0 = Debug|Any CPU
		{6427E6FA-CC66-4B70-B5CF-95F924BA3EF1}.Debug|x86.ActiveCfg = Debug|Any CPU
		{6427E6FA-CC66-4B70-B5CF-95F924BA3EF1}.Debug|x86.Build.0 = Debug|Any CPU
		{6427E6FA-CC66-4B70-B5CF-95F924BA3EF1}.Release|Any CPU.ActiveCfg = Release|Any CPU
		{6427E6FA-CC66-4B70-B5CF-95F924BA3EF1}.Release|Any CPU.Build.0 = Release|Any CPU
		{6427E6FA-CC66-4B70-B5CF-95F924BA3EF1}.Release|x64.ActiveCfg = Release|Any CPU
		{6427E6FA-CC66-4B70-B5CF-95F924BA3EF1}.Release|x64.Build.0 = Release|Any CPU
		{6427E6FA-CC66-4B70-B5CF-95F924BA3EF1}.Release|x86.ActiveCfg = Release|Any CPU
		{6427E6FA-CC66-4B70-B5CF-95F924BA3EF1}.Release|x86.Build.0 = Release|Any CPU
		{644DEED6-77B0-4E90-A009-F705C64C022D}.Debug|Any CPU.ActiveCfg = Debug|Any CPU
		{644DEED6-77B0-4E90-A009-F705C64C022D}.Debug|Any CPU.Build.0 = Debug|Any CPU
		{644DEED6-77B0-4E90-A009-F705C64C022D}.Debug|x64.ActiveCfg = Debug|Any CPU
		{644DEED6-77B0-4E90-A009-F705C64C022D}.Debug|x64.Build.0 = Debug|Any CPU
		{644DEED6-77B0-4E90-A009-F705C64C022D}.Debug|x86.ActiveCfg = Debug|Any CPU
		{644DEED6-77B0-4E90-A009-F705C64C022D}.Debug|x86.Build.0 = Debug|Any CPU
		{644DEED6-77B0-4E90-A009-F705C64C022D}.Release|Any CPU.ActiveCfg = Release|Any CPU
		{644DEED6-77B0-4E90-A009-F705C64C022D}.Release|Any CPU.Build.0 = Release|Any CPU
		{644DEED6-77B0-4E90-A009-F705C64C022D}.Release|x64.ActiveCfg = Release|Any CPU
		{644DEED6-77B0-4E90-A009-F705C64C022D}.Release|x64.Build.0 = Release|Any CPU
		{644DEED6-77B0-4E90-A009-F705C64C022D}.Release|x86.ActiveCfg = Release|Any CPU
		{644DEED6-77B0-4E90-A009-F705C64C022D}.Release|x86.Build.0 = Release|Any CPU
		{071419AB-D2DF-4944-891A-2A1348446D39}.Debug|Any CPU.ActiveCfg = Debug|Any CPU
		{071419AB-D2DF-4944-891A-2A1348446D39}.Debug|Any CPU.Build.0 = Debug|Any CPU
		{071419AB-D2DF-4944-891A-2A1348446D39}.Debug|x64.ActiveCfg = Debug|Any CPU
		{071419AB-D2DF-4944-891A-2A1348446D39}.Debug|x64.Build.0 = Debug|Any CPU
		{071419AB-D2DF-4944-891A-2A1348446D39}.Debug|x86.ActiveCfg = Debug|Any CPU
		{071419AB-D2DF-4944-891A-2A1348446D39}.Debug|x86.Build.0 = Debug|Any CPU
		{071419AB-D2DF-4944-891A-2A1348446D39}.Release|Any CPU.ActiveCfg = Release|Any CPU
		{071419AB-D2DF-4944-891A-2A1348446D39}.Release|Any CPU.Build.0 = Release|Any CPU
		{071419AB-D2DF-4944-891A-2A1348446D39}.Release|x64.ActiveCfg = Release|Any CPU
		{071419AB-D2DF-4944-891A-2A1348446D39}.Release|x64.Build.0 = Release|Any CPU
		{071419AB-D2DF-4944-891A-2A1348446D39}.Release|x86.ActiveCfg = Release|Any CPU
		{071419AB-D2DF-4944-891A-2A1348446D39}.Release|x86.Build.0 = Release|Any CPU
		{0DB063F3-D5E3-4D63-9EEC-AE8F9A83B2D8}.Debug|Any CPU.ActiveCfg = Debug|Any CPU
		{0DB063F3-D5E3-4D63-9EEC-AE8F9A83B2D8}.Debug|Any CPU.Build.0 = Debug|Any CPU
		{0DB063F3-D5E3-4D63-9EEC-AE8F9A83B2D8}.Debug|x64.ActiveCfg = Debug|Any CPU
		{0DB063F3-D5E3-4D63-9EEC-AE8F9A83B2D8}.Debug|x64.Build.0 = Debug|Any CPU
		{0DB063F3-D5E3-4D63-9EEC-AE8F9A83B2D8}.Debug|x86.ActiveCfg = Debug|Any CPU
		{0DB063F3-D5E3-4D63-9EEC-AE8F9A83B2D8}.Debug|x86.Build.0 = Debug|Any CPU
		{0DB063F3-D5E3-4D63-9EEC-AE8F9A83B2D8}.Release|Any CPU.ActiveCfg = Release|Any CPU
		{0DB063F3-D5E3-4D63-9EEC-AE8F9A83B2D8}.Release|Any CPU.Build.0 = Release|Any CPU
		{0DB063F3-D5E3-4D63-9EEC-AE8F9A83B2D8}.Release|x64.ActiveCfg = Release|Any CPU
		{0DB063F3-D5E3-4D63-9EEC-AE8F9A83B2D8}.Release|x64.Build.0 = Release|Any CPU
		{0DB063F3-D5E3-4D63-9EEC-AE8F9A83B2D8}.Release|x86.ActiveCfg = Release|Any CPU
		{0DB063F3-D5E3-4D63-9EEC-AE8F9A83B2D8}.Release|x86.Build.0 = Release|Any CPU
		{0AE680EB-980B-4213-B41C-2EC77CB51C26}.Debug|Any CPU.ActiveCfg = Debug|Any CPU
		{0AE680EB-980B-4213-B41C-2EC77CB51C26}.Debug|Any CPU.Build.0 = Debug|Any CPU
		{0AE680EB-980B-4213-B41C-2EC77CB51C26}.Debug|x64.ActiveCfg = Debug|Any CPU
		{0AE680EB-980B-4213-B41C-2EC77CB51C26}.Debug|x64.Build.0 = Debug|Any CPU
		{0AE680EB-980B-4213-B41C-2EC77CB51C26}.Debug|x86.ActiveCfg = Debug|Any CPU
		{0AE680EB-980B-4213-B41C-2EC77CB51C26}.Debug|x86.Build.0 = Debug|Any CPU
		{0AE680EB-980B-4213-B41C-2EC77CB51C26}.Release|Any CPU.ActiveCfg = Release|Any CPU
		{0AE680EB-980B-4213-B41C-2EC77CB51C26}.Release|Any CPU.Build.0 = Release|Any CPU
		{0AE680EB-980B-4213-B41C-2EC77CB51C26}.Release|x64.ActiveCfg = Release|Any CPU
		{0AE680EB-980B-4213-B41C-2EC77CB51C26}.Release|x64.Build.0 = Release|Any CPU
		{0AE680EB-980B-4213-B41C-2EC77CB51C26}.Release|x86.ActiveCfg = Release|Any CPU
		{0AE680EB-980B-4213-B41C-2EC77CB51C26}.Release|x86.Build.0 = Release|Any CPU
		{36DFC886-C311-4CCC-A9A3-8B6C53A66A56}.Debug|Any CPU.ActiveCfg = Debug|Any CPU
		{36DFC886-C311-4CCC-A9A3-8B6C53A66A56}.Debug|Any CPU.Build.0 = Debug|Any CPU
		{36DFC886-C311-4CCC-A9A3-8B6C53A66A56}.Debug|x64.ActiveCfg = Debug|Any CPU
		{36DFC886-C311-4CCC-A9A3-8B6C53A66A56}.Debug|x64.Build.0 = Debug|Any CPU
		{36DFC886-C311-4CCC-A9A3-8B6C53A66A56}.Debug|x86.ActiveCfg = Debug|Any CPU
		{36DFC886-C311-4CCC-A9A3-8B6C53A66A56}.Debug|x86.Build.0 = Debug|Any CPU
		{36DFC886-C311-4CCC-A9A3-8B6C53A66A56}.Release|Any CPU.ActiveCfg = Release|Any CPU
		{36DFC886-C311-4CCC-A9A3-8B6C53A66A56}.Release|Any CPU.Build.0 = Release|Any CPU
		{36DFC886-C311-4CCC-A9A3-8B6C53A66A56}.Release|x64.ActiveCfg = Release|Any CPU
		{36DFC886-C311-4CCC-A9A3-8B6C53A66A56}.Release|x64.Build.0 = Release|Any CPU
		{36DFC886-C311-4CCC-A9A3-8B6C53A66A56}.Release|x86.ActiveCfg = Release|Any CPU
		{36DFC886-C311-4CCC-A9A3-8B6C53A66A56}.Release|x86.Build.0 = Release|Any CPU
		{DCBBA92A-CA8F-4E22-B0D7-9BE491520F53}.Debug|Any CPU.ActiveCfg = Debug|Any CPU
		{DCBBA92A-CA8F-4E22-B0D7-9BE491520F53}.Debug|Any CPU.Build.0 = Debug|Any CPU
		{DCBBA92A-CA8F-4E22-B0D7-9BE491520F53}.Debug|x64.ActiveCfg = Debug|Any CPU
		{DCBBA92A-CA8F-4E22-B0D7-9BE491520F53}.Debug|x64.Build.0 = Debug|Any CPU
		{DCBBA92A-CA8F-4E22-B0D7-9BE491520F53}.Debug|x86.ActiveCfg = Debug|Any CPU
		{DCBBA92A-CA8F-4E22-B0D7-9BE491520F53}.Debug|x86.Build.0 = Debug|Any CPU
		{DCBBA92A-CA8F-4E22-B0D7-9BE491520F53}.Release|Any CPU.ActiveCfg = Release|Any CPU
		{DCBBA92A-CA8F-4E22-B0D7-9BE491520F53}.Release|Any CPU.Build.0 = Release|Any CPU
		{DCBBA92A-CA8F-4E22-B0D7-9BE491520F53}.Release|x64.ActiveCfg = Release|Any CPU
		{DCBBA92A-CA8F-4E22-B0D7-9BE491520F53}.Release|x64.Build.0 = Release|Any CPU
		{DCBBA92A-CA8F-4E22-B0D7-9BE491520F53}.Release|x86.ActiveCfg = Release|Any CPU
		{DCBBA92A-CA8F-4E22-B0D7-9BE491520F53}.Release|x86.Build.0 = Release|Any CPU
		{DFBBDFAD-B3B9-41CC-B375-02637447A6CF}.Debug|Any CPU.ActiveCfg = Debug|Any CPU
		{DFBBDFAD-B3B9-41CC-B375-02637447A6CF}.Debug|Any CPU.Build.0 = Debug|Any CPU
		{DFBBDFAD-B3B9-41CC-B375-02637447A6CF}.Debug|x64.ActiveCfg = Debug|Any CPU
		{DFBBDFAD-B3B9-41CC-B375-02637447A6CF}.Debug|x64.Build.0 = Debug|Any CPU
		{DFBBDFAD-B3B9-41CC-B375-02637447A6CF}.Debug|x86.ActiveCfg = Debug|Any CPU
		{DFBBDFAD-B3B9-41CC-B375-02637447A6CF}.Debug|x86.Build.0 = Debug|Any CPU
		{DFBBDFAD-B3B9-41CC-B375-02637447A6CF}.Release|Any CPU.ActiveCfg = Release|Any CPU
		{DFBBDFAD-B3B9-41CC-B375-02637447A6CF}.Release|Any CPU.Build.0 = Release|Any CPU
		{DFBBDFAD-B3B9-41CC-B375-02637447A6CF}.Release|x64.ActiveCfg = Release|Any CPU
		{DFBBDFAD-B3B9-41CC-B375-02637447A6CF}.Release|x64.Build.0 = Release|Any CPU
		{DFBBDFAD-B3B9-41CC-B375-02637447A6CF}.Release|x86.ActiveCfg = Release|Any CPU
		{DFBBDFAD-B3B9-41CC-B375-02637447A6CF}.Release|x86.Build.0 = Release|Any CPU
		{DFA4D4DA-A62C-4B7F-B363-8B7927049673}.Debug|Any CPU.ActiveCfg = Debug|Any CPU
		{DFA4D4DA-A62C-4B7F-B363-8B7927049673}.Debug|Any CPU.Build.0 = Debug|Any CPU
		{DFA4D4DA-A62C-4B7F-B363-8B7927049673}.Debug|x64.ActiveCfg = Debug|Any CPU
		{DFA4D4DA-A62C-4B7F-B363-8B7927049673}.Debug|x64.Build.0 = Debug|Any CPU
		{DFA4D4DA-A62C-4B7F-B363-8B7927049673}.Debug|x86.ActiveCfg = Debug|Any CPU
		{DFA4D4DA-A62C-4B7F-B363-8B7927049673}.Debug|x86.Build.0 = Debug|Any CPU
		{DFA4D4DA-A62C-4B7F-B363-8B7927049673}.Release|Any CPU.ActiveCfg = Release|Any CPU
		{DFA4D4DA-A62C-4B7F-B363-8B7927049673}.Release|Any CPU.Build.0 = Release|Any CPU
		{DFA4D4DA-A62C-4B7F-B363-8B7927049673}.Release|x64.ActiveCfg = Release|Any CPU
		{DFA4D4DA-A62C-4B7F-B363-8B7927049673}.Release|x64.Build.0 = Release|Any CPU
		{DFA4D4DA-A62C-4B7F-B363-8B7927049673}.Release|x86.ActiveCfg = Release|Any CPU
		{DFA4D4DA-A62C-4B7F-B363-8B7927049673}.Release|x86.Build.0 = Release|Any CPU
	EndGlobalSection
EndGlobal
