
Microsoft Visual Studio Solution File, Format Version 12.00
# Visual Studio Version 17
VisualStudioVersion = 17.6.33723.286
MinimumVisualStudioVersion = 10.0.40219.1
Project("{FAE04EC0-301F-11D3-BF4B-00C04F79EFBC}") = "Pangya Modern Editor IFF", "Pangya Modern Editor IFF\Pangya Modern Editor IFF.csproj", "{1740BABD-9FA7-433C-919E-D6C148E5F265}"
EndProject
Project("{9A19103F-16F7-4668-BE54-9A1E7A4F7556}") = "PangLib.IFF", "..\PangLib.IFF\PangLib.IFF.csproj", "{5838F474-6352-43C7-B3CB-7579D2C652C1}"
EndProject
Global
	GlobalSection(SolutionConfigurationPlatforms) = preSolution
		Debug|Any CPU = Debug|Any CPU
		Release|Any CPU = Release|Any CPU
	EndGlobalSection
	GlobalSection(ProjectConfigurationPlatforms) = postSolution
		{1740BABD-9FA7-433C-919E-D6C148E5F265}.Debug|Any CPU.ActiveCfg = Debug|Any CPU
		{1740BABD-9FA7-433C-919E-D6C148E5F265}.Debug|Any CPU.Build.0 = Debug|Any CPU
		{1740BABD-9FA7-433C-919E-D6C148E5F265}.Release|Any CPU.ActiveCfg = Release|Any CPU
		{1740BABD-9FA7-433C-919E-D6C148E5F265}.Release|Any CPU.Build.0 = Release|Any CPU
		{5838F474-6352-43C7-B3CB-7579D2C652C1}.Debug|Any CPU.ActiveCfg = Debug|Any CPU
		{5838F474-6352-43C7-B3CB-7579D2C652C1}.Debug|Any CPU.Build.0 = Debug|Any CPU
		{5838F474-6352-43C7-B3CB-7579D2C652C1}.Release|Any CPU.ActiveCfg = Release|Any CPU
		{5838F474-6352-43C7-B3CB-7579D2C652C1}.Release|Any CPU.Build.0 = Release|Any CPU
	EndGlobalSection
	GlobalSection(SolutionProperties) = preSolution
		HideSolutionNode = FALSE
	EndGlobalSection
	GlobalSection(ExtensibilityGlobals) = postSolution
		SolutionGuid = {7AEFF01B-265B-4C01-A14F-3CC4313486CB}
	EndGlobalSection
EndGlobal
